
Microsoft Visual Studio Solution File, Format Version 12.00
# Visual Studio 15
VisualStudioVersion = 15.0.26228.9
MinimumVisualStudioVersion = 10.0.40219.1
Project("{8BC9CEB8-8B4A-11D0-8D11-00A0C91BC942}") = "Executive", "oodp26\oodp26.vcxproj", "{87C25DC8-54BF-4156-A375-9FCFC6102082}"
EndProject
Project("{8BC9CEB8-8B4A-11D0-8D11-00A0C91BC942}") = "AbstractSyntaxTree", "AbstractSyntaxTree\AbstractSyntaxTree.vcxproj", "{2795629E-8F02-44AD-9506-B3843643CD1C}"
EndProject
Project("{8BC9CEB8-8B4A-11D0-8D11-00A0C91BC942}") = "FileMgr", "FileMgr\FileMgr.vcxproj", "{17D708E7-3987-4913-AFDA-E57C2758898B}"
EndProject
Project("{8BC9CEB8-8B4A-11D0-8D11-00A0C91BC942}") = "Tokenizer", "Tokenizer.h\Tokenizer.h.vcxproj", "{7181FDCC-4159-4B4D-AA4E-69BAE2750649}"
EndProject
Project("{8BC9CEB8-8B4A-11D0-8D11-00A0C91BC942}") = "SemiExp", "SemiExp\SemiExp.vcxproj", "{642B5D0E-04AA-4206-BB35-2FCDC9212587}"
EndProject
Project("{8BC9CEB8-8B4A-11D0-8D11-00A0C91BC942}") = "Utilities", "Utilities\Utilities.vcxproj", "{44647CED-393E-4FE8-90E8-C51E3E48A9F3}"
EndProject
Project("{8BC9CEB8-8B4A-11D0-8D11-00A0C91BC942}") = "ScopeStack", "ScopeStack\ScopeStack.vcxproj", "{0BD7A466-B483-4689-874B-6BBBD60B263B}"
EndProject
Project("{8BC9CEB8-8B4A-11D0-8D11-00A0C91BC942}") = "Logger", "Logger\Logger.vcxproj", "{53727D95-D9ED-48FD-B0BD-DD3E868B1D45}"
EndProject
Project("{8BC9CEB8-8B4A-11D0-8D11-00A0C91BC942}") = "Parser", "Parser\Parser.vcxproj", "{05C0F519-0B3A-4C95-9084-82E7AB01DAA6}"
EndProject
Project("{8BC9CEB8-8B4A-11D0-8D11-00A0C91BC942}") = "GrammerHelpers", "GrammerHelpers\GrammerHelpers.vcxproj", "{7AE18720-7397-4F37-9C6B-9A7F5513E0DE}"
EndProject
Project("{8BC9CEB8-8B4A-11D0-8D11-00A0C91BC942}") = "TypeTable", "TypeTable\TypeTable.vcxproj", "{852D6D97-5DE9-40B4-8641-812827A8F430}"
EndProject
Project("{8BC9CEB8-8B4A-11D0-8D11-00A0C91BC942}") = "DependencyAnalysis", "DependencyAnalysis\DependencyAnalysis.vcxproj", "{19E3FBAB-45BE-45AC-9A25-8560064DCC9A}"
EndProject
Project("{8BC9CEB8-8B4A-11D0-8D11-00A0C91BC942}") = "NoSqlDb", "NoSqlDb\NoSqlDb.vcxproj", "{E0BA07A7-1872-4B5C-B3BA-4E1D32D9C803}"
EndProject
Project("{8BC9CEB8-8B4A-11D0-8D11-00A0C91BC942}") = "XmlDocument", "XmlDocument\XmlDocument.vcxproj", "{7287EE3E-4367-4B4A-AD06-6F5886251912}"
EndProject
Project("{8BC9CEB8-8B4A-11D0-8D11-00A0C91BC942}") = "Convert", "Convert\Convert.vcxproj", "{6AEB7176-A5C7-4567-97AE-E81438FA467A}"
EndProject
Project("{8BC9CEB8-8B4A-11D0-8D11-00A0C91BC942}") = "Cpp11-BlockingQueue", "Cpp11-BlockingQueue\Cpp11-BlockingQueue.vcxproj", "{88E4F25D-0FDC-4B8A-ABB6-4B5F21BEE110}"
EndProject
Project("{8BC9CEB8-8B4A-11D0-8D11-00A0C91BC942}") = "StrongComponent", "StrongComponent\StrongComponent.vcxproj", "{8D0D91B7-7A85-484A-80D7-67BB5CD69C9D}"
EndProject
Project("{8BC9CEB8-8B4A-11D0-8D11-00A0C91BC942}") = "CppProperties", "CppProperties\CppProperties.vcxproj", "{7BB3AD1B-8249-4049-AE42-7141008C135B}"
EndProject
Project("{8BC9CEB8-8B4A-11D0-8D11-00A0C91BC942}") = "Publisher", "Publisher\Publisher.vcxproj", "{CFD1E22B-4D7B-4DCB-B783-D9399B5AE4FE}"
EndProject
Global
	GlobalSection(SolutionConfigurationPlatforms) = preSolution
		Debug|x64 = Debug|x64
		Debug|x86 = Debug|x86
		Release|x64 = Release|x64
		Release|x86 = Release|x86
	EndGlobalSection
	GlobalSection(ProjectConfigurationPlatforms) = postSolution
		{87C25DC8-54BF-4156-A375-9FCFC6102082}.Debug|x64.ActiveCfg = Debug|x64
		{87C25DC8-54BF-4156-A375-9FCFC6102082}.Debug|x64.Build.0 = Debug|x64
		{87C25DC8-54BF-4156-A375-9FCFC6102082}.Debug|x86.ActiveCfg = Debug|Win32
		{87C25DC8-54BF-4156-A375-9FCFC6102082}.Debug|x86.Build.0 = Debug|Win32
		{87C25DC8-54BF-4156-A375-9FCFC6102082}.Release|x64.ActiveCfg = Release|x64
		{87C25DC8-54BF-4156-A375-9FCFC6102082}.Release|x64.Build.0 = Release|x64
		{87C25DC8-54BF-4156-A375-9FCFC6102082}.Release|x86.ActiveCfg = Release|Win32
		{87C25DC8-54BF-4156-A375-9FCFC6102082}.Release|x86.Build.0 = Release|Win32
		{2795629E-8F02-44AD-9506-B3843643CD1C}.Debug|x64.ActiveCfg = Debug|x64
		{2795629E-8F02-44AD-9506-B3843643CD1C}.Debug|x64.Build.0 = Debug|x64
		{2795629E-8F02-44AD-9506-B3843643CD1C}.Debug|x86.ActiveCfg = Debug|Win32
		{2795629E-8F02-44AD-9506-B3843643CD1C}.Debug|x86.Build.0 = Debug|Win32
		{2795629E-8F02-44AD-9506-B3843643CD1C}.Release|x64.ActiveCfg = Release|x64
		{2795629E-8F02-44AD-9506-B3843643CD1C}.Release|x64.Build.0 = Release|x64
		{2795629E-8F02-44AD-9506-B3843643CD1C}.Release|x86.ActiveCfg = Release|Win32
		{2795629E-8F02-44AD-9506-B3843643CD1C}.Release|x86.Build.0 = Release|Win32
		{17D708E7-3987-4913-AFDA-E57C2758898B}.Debug|x64.ActiveCfg = Debug|x64
		{17D708E7-3987-4913-AFDA-E57C2758898B}.Debug|x64.Build.0 = Debug|x64
		{17D708E7-3987-4913-AFDA-E57C2758898B}.Debug|x86.ActiveCfg = Debug|Win32
		{17D708E7-3987-4913-AFDA-E57C2758898B}.Debug|x86.Build.0 = Debug|Win32
		{17D708E7-3987-4913-AFDA-E57C2758898B}.Release|x64.ActiveCfg = Release|x64
		{17D708E7-3987-4913-AFDA-E57C2758898B}.Release|x64.Build.0 = Release|x64
		{17D708E7-3987-4913-AFDA-E57C2758898B}.Release|x86.ActiveCfg = Release|Win32
		{17D708E7-3987-4913-AFDA-E57C2758898B}.Release|x86.Build.0 = Release|Win32
		{7181FDCC-4159-4B4D-AA4E-69BAE2750649}.Debug|x64.ActiveCfg = Debug|x64
		{7181FDCC-4159-4B4D-AA4E-69BAE2750649}.Debug|x64.Build.0 = Debug|x64
		{7181FDCC-4159-4B4D-AA4E-69BAE2750649}.Debug|x86.ActiveCfg = Debug|Win32
		{7181FDCC-4159-4B4D-AA4E-69BAE2750649}.Debug|x86.Build.0 = Debug|Win32
		{7181FDCC-4159-4B4D-AA4E-69BAE2750649}.Release|x64.ActiveCfg = Release|x64
		{7181FDCC-4159-4B4D-AA4E-69BAE2750649}.Release|x64.Build.0 = Release|x64
		{7181FDCC-4159-4B4D-AA4E-69BAE2750649}.Release|x86.ActiveCfg = Release|Win32
		{7181FDCC-4159-4B4D-AA4E-69BAE2750649}.Release|x86.Build.0 = Release|Win32
		{642B5D0E-04AA-4206-BB35-2FCDC9212587}.Debug|x64.ActiveCfg = Debug|x64
		{642B5D0E-04AA-4206-BB35-2FCDC9212587}.Debug|x64.Build.0 = Debug|x64
		{642B5D0E-04AA-4206-BB35-2FCDC9212587}.Debug|x86.ActiveCfg = Debug|Win32
		{642B5D0E-04AA-4206-BB35-2FCDC9212587}.Debug|x86.Build.0 = Debug|Win32
		{642B5D0E-04AA-4206-BB35-2FCDC9212587}.Release|x64.ActiveCfg = Release|x64
		{642B5D0E-04AA-4206-BB35-2FCDC9212587}.Release|x64.Build.0 = Release|x64
		{642B5D0E-04AA-4206-BB35-2FCDC9212587}.Release|x86.ActiveCfg = Release|Win32
		{642B5D0E-04AA-4206-BB35-2FCDC9212587}.Release|x86.Build.0 = Release|Win32
		{44647CED-393E-4FE8-90E8-C51E3E48A9F3}.Debug|x64.ActiveCfg = Debug|x64
		{44647CED-393E-4FE8-90E8-C51E3E48A9F3}.Debug|x64.Build.0 = Debug|x64
		{44647CED-393E-4FE8-90E8-C51E3E48A9F3}.Debug|x86.ActiveCfg = Debug|Win32
		{44647CED-393E-4FE8-90E8-C51E3E48A9F3}.Debug|x86.Build.0 = Debug|Win32
		{44647CED-393E-4FE8-90E8-C51E3E48A9F3}.Release|x64.ActiveCfg = Release|x64
		{44647CED-393E-4FE8-90E8-C51E3E48A9F3}.Release|x64.Build.0 = Release|x64
		{44647CED-393E-4FE8-90E8-C51E3E48A9F3}.Release|x86.ActiveCfg = Release|Win32
		{44647CED-393E-4FE8-90E8-C51E3E48A9F3}.Release|x86.Build.0 = Release|Win32
		{0BD7A466-B483-4689-874B-6BBBD60B263B}.Debug|x64.ActiveCfg = Debug|x64
		{0BD7A466-B483-4689-874B-6BBBD60B263B}.Debug|x64.Build.0 = Debug|x64
		{0BD7A466-B483-4689-874B-6BBBD60B263B}.Debug|x86.ActiveCfg = Debug|Win32
		{0BD7A466-B483-4689-874B-6BBBD60B263B}.Debug|x86.Build.0 = Debug|Win32
		{0BD7A466-B483-4689-874B-6BBBD60B263B}.Release|x64.ActiveCfg = Release|x64
		{0BD7A466-B483-4689-874B-6BBBD60B263B}.Release|x64.Build.0 = Release|x64
		{0BD7A466-B483-4689-874B-6BBBD60B263B}.Release|x86.ActiveCfg = Release|Win32
		{0BD7A466-B483-4689-874B-6BBBD60B263B}.Release|x86.Build.0 = Release|Win32
		{53727D95-D9ED-48FD-B0BD-DD3E868B1D45}.Debug|x64.ActiveCfg = Debug|x64
		{53727D95-D9ED-48FD-B0BD-DD3E868B1D45}.Debug|x64.Build.0 = Debug|x64
		{53727D95-D9ED-48FD-B0BD-DD3E868B1D45}.Debug|x86.ActiveCfg = Debug|Win32
		{53727D95-D9ED-48FD-B0BD-DD3E868B1D45}.Debug|x86.Build.0 = Debug|Win32
		{53727D95-D9ED-48FD-B0BD-DD3E868B1D45}.Release|x64.ActiveCfg = Release|x64
		{53727D95-D9ED-48FD-B0BD-DD3E868B1D45}.Release|x64.Build.0 = Release|x64
		{53727D95-D9ED-48FD-B0BD-DD3E868B1D45}.Release|x86.ActiveCfg = Release|Win32
		{53727D95-D9ED-48FD-B0BD-DD3E868B1D45}.Release|x86.Build.0 = Release|Win32
		{05C0F519-0B3A-4C95-9084-82E7AB01DAA6}.Debug|x64.ActiveCfg = Debug|x64
		{05C0F519-0B3A-4C95-9084-82E7AB01DAA6}.Debug|x64.Build.0 = Debug|x64
		{05C0F519-0B3A-4C95-9084-82E7AB01DAA6}.Debug|x86.ActiveCfg = Debug|Win32
		{05C0F519-0B3A-4C95-9084-82E7AB01DAA6}.Debug|x86.Build.0 = Debug|Win32
		{05C0F519-0B3A-4C95-9084-82E7AB01DAA6}.Release|x64.ActiveCfg = Release|x64
		{05C0F519-0B3A-4C95-9084-82E7AB01DAA6}.Release|x64.Build.0 = Release|x64
		{05C0F519-0B3A-4C95-9084-82E7AB01DAA6}.Release|x86.ActiveCfg = Release|Win32
		{05C0F519-0B3A-4C95-9084-82E7AB01DAA6}.Release|x86.Build.0 = Release|Win32
		{7AE18720-7397-4F37-9C6B-9A7F5513E0DE}.Debug|x64.ActiveCfg = Debug|x64
		{7AE18720-7397-4F37-9C6B-9A7F5513E0DE}.Debug|x64.Build.0 = Debug|x64
		{7AE18720-7397-4F37-9C6B-9A7F5513E0DE}.Debug|x86.ActiveCfg = Debug|Win32
		{7AE18720-7397-4F37-9C6B-9A7F5513E0DE}.Debug|x86.Build.0 = Debug|Win32
		{7AE18720-7397-4F37-9C6B-9A7F5513E0DE}.Release|x64.ActiveCfg = Release|x64
		{7AE18720-7397-4F37-9C6B-9A7F5513E0DE}.Release|x64.Build.0 = Release|x64
		{7AE18720-7397-4F37-9C6B-9A7F5513E0DE}.Release|x86.ActiveCfg = Release|Win32
		{7AE18720-7397-4F37-9C6B-9A7F5513E0DE}.Release|x86.Build.0 = Release|Win32
		{852D6D97-5DE9-40B4-8641-812827A8F430}.Debug|x64.ActiveCfg = Debug|x64
		{852D6D97-5DE9-40B4-8641-812827A8F430}.Debug|x64.Build.0 = Debug|x64
		{852D6D97-5DE9-40B4-8641-812827A8F430}.Debug|x86.ActiveCfg = Debug|Win32
		{852D6D97-5DE9-40B4-8641-812827A8F430}.Debug|x86.Build.0 = Debug|Win32
		{852D6D97-5DE9-40B4-8641-812827A8F430}.Release|x64.ActiveCfg = Release|x64
		{852D6D97-5DE9-40B4-8641-812827A8F430}.Release|x64.Build.0 = Release|x64
		{852D6D97-5DE9-40B4-8641-812827A8F430}.Release|x86.ActiveCfg = Release|Win32
		{852D6D97-5DE9-40B4-8641-812827A8F430}.Release|x86.Build.0 = Release|Win32
		{19E3FBAB-45BE-45AC-9A25-8560064DCC9A}.Debug|x64.ActiveCfg = Debug|x64
		{19E3FBAB-45BE-45AC-9A25-8560064DCC9A}.Debug|x64.Build.0 = Debug|x64
		{19E3FBAB-45BE-45AC-9A25-8560064DCC9A}.Debug|x86.ActiveCfg = Debug|Win32
		{19E3FBAB-45BE-45AC-9A25-8560064DCC9A}.Debug|x86.Build.0 = Debug|Win32
		{19E3FBAB-45BE-45AC-9A25-8560064DCC9A}.Release|x64.ActiveCfg = Release|x64
		{19E3FBAB-45BE-45AC-9A25-8560064DCC9A}.Release|x64.Build.0 = Release|x64
		{19E3FBAB-45BE-45AC-9A25-8560064DCC9A}.Release|x86.ActiveCfg = Release|Win32
		{19E3FBAB-45BE-45AC-9A25-8560064DCC9A}.Release|x86.Build.0 = Release|Win32
		{E0BA07A7-1872-4B5C-B3BA-4E1D32D9C803}.Debug|x64.ActiveCfg = Debug|x64
		{E0BA07A7-1872-4B5C-B3BA-4E1D32D9C803}.Debug|x64.Build.0 = Debug|x64
		{E0BA07A7-1872-4B5C-B3BA-4E1D32D9C803}.Debug|x86.ActiveCfg = Debug|Win32
		{E0BA07A7-1872-4B5C-B3BA-4E1D32D9C803}.Debug|x86.Build.0 = Debug|Win32
		{E0BA07A7-1872-4B5C-B3BA-4E1D32D9C803}.Release|x64.ActiveCfg = Release|x64
		{E0BA07A7-1872-4B5C-B3BA-4E1D32D9C803}.Release|x64.Build.0 = Release|x64
		{E0BA07A7-1872-4B5C-B3BA-4E1D32D9C803}.Release|x86.ActiveCfg = Release|Win32
		{E0BA07A7-1872-4B5C-B3BA-4E1D32D9C803}.Release|x86.Build.0 = Release|Win32
		{7287EE3E-4367-4B4A-AD06-6F5886251912}.Debug|x64.ActiveCfg = Debug|x64
		{7287EE3E-4367-4B4A-AD06-6F5886251912}.Debug|x64.Build.0 = Debug|x64
		{7287EE3E-4367-4B4A-AD06-6F5886251912}.Debug|x86.ActiveCfg = Debug|Win32
		{7287EE3E-4367-4B4A-AD06-6F5886251912}.Debug|x86.Build.0 = Debug|Win32
		{7287EE3E-4367-4B4A-AD06-6F5886251912}.Release|x64.ActiveCfg = Release|x64
		{7287EE3E-4367-4B4A-AD06-6F5886251912}.Release|x64.Build.0 = Release|x64
		{7287EE3E-4367-4B4A-AD06-6F5886251912}.Release|x86.ActiveCfg = Release|Win32
		{7287EE3E-4367-4B4A-AD06-6F5886251912}.Release|x86.Build.0 = Release|Win32
		{6AEB7176-A5C7-4567-97AE-E81438FA467A}.Debug|x64.ActiveCfg = Debug|x64
		{6AEB7176-A5C7-4567-97AE-E81438FA467A}.Debug|x64.Build.0 = Debug|x64
		{6AEB7176-A5C7-4567-97AE-E81438FA467A}.Debug|x86.ActiveCfg = Debug|Win32
		{6AEB7176-A5C7-4567-97AE-E81438FA467A}.Debug|x86.Build.0 = Debug|Win32
		{6AEB7176-A5C7-4567-97AE-E81438FA467A}.Release|x64.ActiveCfg = Release|x64
		{6AEB7176-A5C7-4567-97AE-E81438FA467A}.Release|x64.Build.0 = Release|x64
		{6AEB7176-A5C7-4567-97AE-E81438FA467A}.Release|x86.ActiveCfg = Release|Win32
		{6AEB7176-A5C7-4567-97AE-E81438FA467A}.Release|x86.Build.0 = Release|Win32
		{88E4F25D-0FDC-4B8A-ABB6-4B5F21BEE110}.Debug|x64.ActiveCfg = Debug|x64
		{88E4F25D-0FDC-4B8A-ABB6-4B5F21BEE110}.Debug|x64.Build.0 = Debug|x64
		{88E4F25D-0FDC-4B8A-ABB6-4B5F21BEE110}.Debug|x64.Deploy.0 = Debug|x64
		{88E4F25D-0FDC-4B8A-ABB6-4B5F21BEE110}.Debug|x86.ActiveCfg = Debug|Win32
		{88E4F25D-0FDC-4B8A-ABB6-4B5F21BEE110}.Debug|x86.Build.0 = Debug|Win32
		{88E4F25D-0FDC-4B8A-ABB6-4B5F21BEE110}.Debug|x86.Deploy.0 = Debug|Win32
		{88E4F25D-0FDC-4B8A-ABB6-4B5F21BEE110}.Release|x64.ActiveCfg = Release|x64
		{88E4F25D-0FDC-4B8A-ABB6-4B5F21BEE110}.Release|x64.Build.0 = Release|x64
		{88E4F25D-0FDC-4B8A-ABB6-4B5F21BEE110}.Release|x64.Deploy.0 = Release|x64
		{88E4F25D-0FDC-4B8A-ABB6-4B5F21BEE110}.Release|x86.ActiveCfg = Release|Win32
		{88E4F25D-0FDC-4B8A-ABB6-4B5F21BEE110}.Release|x86.Build.0 = Release|Win32
		{88E4F25D-0FDC-4B8A-ABB6-4B5F21BEE110}.Release|x86.Deploy.0 = Release|Win32
		{8D0D91B7-7A85-484A-80D7-67BB5CD69C9D}.Debug|x64.ActiveCfg = Debug|x64
		{8D0D91B7-7A85-484A-80D7-67BB5CD69C9D}.Debug|x64.Build.0 = Debug|x64
		{8D0D91B7-7A85-484A-80D7-67BB5CD69C9D}.Debug|x86.ActiveCfg = Debug|Win32
		{8D0D91B7-7A85-484A-80D7-67BB5CD69C9D}.Debug|x86.Build.0 = Debug|Win32
		{8D0D91B7-7A85-484A-80D7-67BB5CD69C9D}.Release|x64.ActiveCfg = Release|x64
		{8D0D91B7-7A85-484A-80D7-67BB5CD69C9D}.Release|x64.Build.0 = Release|x64
		{8D0D91B7-7A85-484A-80D7-67BB5CD69C9D}.Release|x86.ActiveCfg = Release|Win32
		{8D0D91B7-7A85-484A-80D7-67BB5CD69C9D}.Release|x86.Build.0 = Release|Win32
		{7BB3AD1B-8249-4049-AE42-7141008C135B}.Debug|x64.ActiveCfg = Debug|x64
		{7BB3AD1B-8249-4049-AE42-7141008C135B}.Debug|x64.Build.0 = Debug|x64
		{7BB3AD1B-8249-4049-AE42-7141008C135B}.Debug|x86.ActiveCfg = Debug|Win32
		{7BB3AD1B-8249-4049-AE42-7141008C135B}.Debug|x86.Build.0 = Debug|Win32
		{7BB3AD1B-8249-4049-AE42-7141008C135B}.Release|x64.ActiveCfg = Release|x64
		{7BB3AD1B-8249-4049-AE42-7141008C135B}.Release|x64.Build.0 = Release|x64
		{7BB3AD1B-8249-4049-AE42-7141008C135B}.Release|x86.ActiveCfg = Release|Win32
		{7BB3AD1B-8249-4049-AE42-7141008C135B}.Release|x86.Build.0 = Release|Win32
		{CFD1E22B-4D7B-4DCB-B783-D9399B5AE4FE}.Debug|x64.ActiveCfg = Debug|x64
		{CFD1E22B-4D7B-4DCB-B783-D9399B5AE4FE}.Debug|x64.Build.0 = Debug|x64
		{CFD1E22B-4D7B-4DCB-B783-D9399B5AE4FE}.Debug|x86.ActiveCfg = Debug|Win32
		{CFD1E22B-4D7B-4DCB-B783-D9399B5AE4FE}.Debug|x86.Build.0 = Debug|Win32
		{CFD1E22B-4D7B-4DCB-B783-D9399B5AE4FE}.Release|x64.ActiveCfg = Release|x64
		{CFD1E22B-4D7B-4DCB-B783-D9399B5AE4FE}.Release|x64.Build.0 = Release|x64
		{CFD1E22B-4D7B-4DCB-B783-D9399B5AE4FE}.Release|x86.ActiveCfg = Release|Win32
		{CFD1E22B-4D7B-4DCB-B783-D9399B5AE4FE}.Release|x86.Build.0 = Release|Win32
	EndGlobalSection
	GlobalSection(SolutionProperties) = preSolution
		HideSolutionNode = FALSE
	EndGlobalSection
EndGlobal
